github.com/brpandey/dining_philosophers/dining v0.0.0-20231015051451-916934eb98d3 h1:Q5geKr5AKjt93ZQ94wni7cHYT7zAwGDcjYAtLjO7yQ4=
github.com/brpandey/dining_philosophers/dining v0.0.0-20231015051451-916934eb98d3/go.mod h1:dpY9ujkPCKH0sPBILPvfReLjpLXmAXVF3VkvwSlsfMo=
github.com/brpandey/dining_philosophers/dining v0.0.0-20231015055409-33d6697097c0 h1:2uZ/af/hP0cZCwo0iPk95JZ+x06ObRAgD7B97zzUFvA=
github.com/brpandey/dining_philosophers/dining v0.0.0-20231015055409-33d6697097c0/go.mod h1:dpY9ujkPCKH0sPBILPvfReLjpLXmAXVF3VkvwSlsfMo=
